
Microsoft Visual Studio Solution File, Format Version 12.00
# Visual Studio 15
VisualStudioVersion = 15.0.28307.421
MinimumVisualStudioVersion = 10.0.40219.1
Project("{FAE04EC0-301F-11D3-BF4B-00C04F79EFBC}") = "WebApplication2", "WebApplication2\WebApplication2.csproj", "{F18A35E7-8207-4334-BA36-6E8477A8E530}"
EndProject
Global
	GlobalSection(SolutionConfigurationPlatforms) = preSolution
		Debug|Any CPU = Debug|Any CPU
		Release|Any CPU = Release|Any CPU
	EndGlobalSection
	GlobalSection(ProjectConfigurationPlatforms) = postSolution
		{F18A35E7-8207-4334-BA36-6E8477A8E530}.Debug|Any CPU.ActiveCfg = Debug|Any CPU
		{F18A35E7-8207-4334-BA36-6E8477A8E530}.Debug|Any CPU.Build.0 = Debug|Any CPU
		{F18A35E7-8207-4334-BA36-6E8477A8E530}.Release|Any CPU.ActiveCfg = Release|Any CPU
		{F18A35E7-8207-4334-BA36-6E8477A8E530}.Release|Any CPU.Build.0 = Release|Any CPU
	EndGlobalSection
	GlobalSection(SolutionProperties) = preSolution
		HideSolutionNode = FALSE
	EndGlobalSection
	GlobalSection(ExtensibilityGlobals) = postSolution
		SolutionGuid = {78F56401-5E74-42EB-927C-DC506DFDF481}
	EndGlobalSection
EndGlobal
